// !$*UTF8*$!
{
	archiveVersion = 1;
	classes = {
	};
	objectVersion = 46;
	objects = {

/* Begin PBXBuildFile section */
		F12D41DB1F23473C00D173B9 /* main.m in Sources */ = {isa = PBXBuildFile; fileRef = F12D41DA1F23473C00D173B9 /* main.m */; };
		F12D41E41F2349DB00D173B9 /* Student.m in Sources */ = {isa = PBXBuildFile; fileRef = F12D41E31F2349DB00D173B9 /* Student.m */; };
		F1E0A9281F258DDF0074403C /* Book.m in Sources */ = {isa = PBXBuildFile; fileRef = F1E0A9271F258DDF0074403C /* Book.m */; };
		F1E0A92B1F25C6A20074403C /* Student+Test.m in Sources */ = {isa = PBXBuildFile; fileRef = F1E0A92A1F25C6A20074403C /* Student+Test.m */; };
		F1E0A92E1F25EC1C0074403C /* Button.m in Sources */ = {isa = PBXBuildFile; fileRef = F1E0A92D1F25EC1C0074403C /* Button.m */; };
		F1E0A9361F26186A0074403C /* main.m in Sources */ = {isa = PBXBuildFile; fileRef = F1E0A9351F26186A0074403C /* main.m */; };
		F1E0A93C1F2618900074403C /* Student.m in Sources */ = {isa = PBXBuildFile; fileRef = F1E0A93B1F2618900074403C /* Student.m */; };
		F1E0A9411F26236B0074403C /* ButtonListener.m in Sources */ = {isa = PBXBuildFile; fileRef = F1E0A9401F26236B0074403C /* ButtonListener.m */; };
/* End PBXBuildFile section */

/* Begin PBXCopyFilesBuildPhase section */
		F12D41D51F23473C00D173B9 /* CopyFiles */ = {
			isa = PBXCopyFilesBuildPhase;
			buildActionMask = 2147483647;
			dstPath = /usr/share/man/man1/;
			dstSubfolderSpec = 0;
			files = (
			);
			runOnlyForDeploymentPostprocessing = 1;
		};
		F1E0A9311F26186A0074403C /* CopyFiles */ = {
			isa = PBXCopyFilesBuildPhase;
			buildActionMask = 2147483647;
			dstPath = /usr/share/man/man1/;
			dstSubfolderSpec = 0;
			files = (
			);
			runOnlyForDeploymentPostprocessing = 1;
		};
/* End PBXCopyFilesBuildPhase section */

/* Begin PBXFileReference section */
		F12D41D71F23473C00D173B9 /* OCLearn */ = {isa = PBXFileReference; explicitFileType = "compiled.mach-o.executable"; includeInIndex = 0; path = OCLearn; sourceTree = BUILT_PRODUCTS_DIR; };
		F12D41DA1F23473C00D173B9 /* main.m */ = {isa = PBXFileReference; lastKnownFileType = sourcecode.c.objc; path = main.m; sourceTree = "<group>"; };
		F12D41E21F2349DB00D173B9 /* Student.h */ = {isa = PBXFileReference; fileEncoding = 4; lastKnownFileType = sourcecode.c.h; path = Student.h; sourceTree = "<group>"; };
		F12D41E31F2349DB00D173B9 /* Student.m */ = {isa = PBXFileReference; fileEncoding = 4; lastKnownFileType = sourcecode.c.objc; path = Student.m; sourceTree = "<group>"; };
		F1E0A9261F258DDF0074403C /* Book.h */ = {isa = PBXFileReference; fileEncoding = 4; lastKnownFileType = sourcecode.c.h; path = Book.h; sourceTree = "<group>"; };
		F1E0A9271F258DDF0074403C /* Book.m */ = {isa = PBXFileReference; fileEncoding = 4; lastKnownFileType = sourcecode.c.objc; path = Book.m; sourceTree = "<group>"; };
		F1E0A9291F25C6A20074403C /* Student+Test.h */ = {isa = PBXFileReference; fileEncoding = 4; lastKnownFileType = sourcecode.c.h; path = "Student+Test.h"; sourceTree = "<group>"; };
		F1E0A92A1F25C6A20074403C /* Student+Test.m */ = {isa = PBXFileReference; fileEncoding = 4; lastKnownFileType = sourcecode.c.objc; path = "Student+Test.m"; sourceTree = "<group>"; };
		F1E0A92C1F25EC1C0074403C /* Button.h */ = {isa = PBXFileReference; fileEncoding = 4; lastKnownFileType = sourcecode.c.h; path = Button.h; sourceTree = "<group>"; };
		F1E0A92D1F25EC1C0074403C /* Button.m */ = {isa = PBXFileReference; fileEncoding = 4; lastKnownFileType = sourcecode.c.objc; path = Button.m; sourceTree = "<group>"; };
		F1E0A9331F26186A0074403C /* protocol */ = {isa = PBXFileReference; explicitFileType = "compiled.mach-o.executable"; includeInIndex = 0; path = protocol; sourceTree = BUILT_PRODUCTS_DIR; };
		F1E0A9351F26186A0074403C /* main.m */ = {isa = PBXFileReference; lastKnownFileType = sourcecode.c.objc; path = main.m; sourceTree = "<group>"; };
		F1E0A93A1F2618900074403C /* Student.h */ = {isa = PBXFileReference; fileEncoding = 4; lastKnownFileType = sourcecode.c.h; path = Student.h; sourceTree = "<group>"; };
		F1E0A93B1F2618900074403C /* Student.m */ = {isa = PBXFileReference; fileEncoding = 4; lastKnownFileType = sourcecode.c.objc; path = Student.m; sourceTree = "<group>"; };
		F1E0A93D1F26197A0074403C /* Study.h */ = {isa = PBXFileReference; fileEncoding = 4; lastKnownFileType = sourcecode.c.h; path = Study.h; sourceTree = "<group>"; };
		F1E0A93E1F2619D20074403C /* Learn.h */ = {isa = PBXFileReference; fileEncoding = 4; lastKnownFileType = sourcecode.c.h; path = Learn.h; sourceTree = "<group>"; };
		F1E0A93F1F26236B0074403C /* ButtonListener.h */ = {isa = PBXFileReference; fileEncoding = 4; lastKnownFileType = sourcecode.c.h; path = ButtonListener.h; sourceTree = "<group>"; };
		F1E0A9401F26236B0074403C /* ButtonListener.m */ = {isa = PBXFileReference; fileEncoding = 4; lastKnownFileType = sourcecode.c.objc; path = ButtonListener.m; sourceTree = "<group>"; };
/* End PBXFileReference section */

/* Begin PBXFrameworksBuildPhase section */
		F12D41D41F23473C00D173B9 /* Frameworks */ = {
			isa = PBXFrameworksBuildPhase;
			buildActionMask = 2147483647;
			files = (
			);
			runOnlyForDeploymentPostprocessing = 0;
		};
		F1E0A9301F26186A0074403C /* Frameworks */ = {
			isa = PBXFrameworksBuildPhase;
			buildActionMask = 2147483647;
			files = (
			);
			runOnlyForDeploymentPostprocessing = 0;
		};
/* End PBXFrameworksBuildPhase section */

/* Begin PBXGroup section */
		F12D41CE1F23473C00D173B9 = {
			isa = PBXGroup;
			children = (
				F12D41D91F23473C00D173B9 /* OCLearn */,
				F1E0A9341F26186A0074403C /* protocol */,
				F12D41D81F23473C00D173B9 /* Products */,
			);
			sourceTree = "<group>";
		};
		F12D41D81F23473C00D173B9 /* Products */ = {
			isa = PBXGroup;
			children = (
				F12D41D71F23473C00D173B9 /* OCLearn */,
				F1E0A9331F26186A0074403C /* protocol */,
			);
			name = Products;
			sourceTree = "<group>";
		};
		F12D41D91F23473C00D173B9 /* OCLearn */ = {
			isa = PBXGroup;
			children = (
				F12D41DA1F23473C00D173B9 /* main.m */,
				F12D41E21F2349DB00D173B9 /* Student.h */,
				F12D41E31F2349DB00D173B9 /* Student.m */,
				F1E0A9261F258DDF0074403C /* Book.h */,
				F1E0A9271F258DDF0074403C /* Book.m */,
				F1E0A9291F25C6A20074403C /* Student+Test.h */,
				F1E0A92A1F25C6A20074403C /* Student+Test.m */,
				F1E0A92C1F25EC1C0074403C /* Button.h */,
				F1E0A92D1F25EC1C0074403C /* Button.m */,
			);
			path = OCLearn;
			sourceTree = "<group>";
		};
		F1E0A9341F26186A0074403C /* protocol */ = {
			isa = PBXGroup;
			children = (
				F1E0A9351F26186A0074403C /* main.m */,
				F1E0A93A1F2618900074403C /* Student.h */,
				F1E0A93B1F2618900074403C /* Student.m */,
				F1E0A93D1F26197A0074403C /* Study.h */,
				F1E0A93E1F2619D20074403C /* Learn.h */,
				F1E0A93F1F26236B0074403C /* ButtonListener.h */,
				F1E0A9401F26236B0074403C /* ButtonListener.m */,
			);
			path = protocol;
			sourceTree = "<group>";
		};
/* End PBXGroup section */

/* Begin PBXNativeTarget section */
		F12D41D61F23473C00D173B9 /* OCLearn */ = {
			isa = PBXNativeTarget;
			buildConfigurationList = F12D41DE1F23473C00D173B9 /* Build configuration list for PBXNativeTarget "OCLearn" */;
			buildPhases = (
				F12D41D31F23473C00D173B9 /* Sources */,
				F12D41D41F23473C00D173B9 /* Frameworks */,
				F12D41D51F23473C00D173B9 /* CopyFiles */,
			);
			buildRules = (
			);
			dependencies = (
			);
			name = OCLearn;
			productName = OCLearn;
			productReference = F12D41D71F23473C00D173B9 /* OCLearn */;
			productType = "com.apple.product-type.tool";
		};
		F1E0A9321F26186A0074403C /* protocol */ = {
			isa = PBXNativeTarget;
			buildConfigurationList = F1E0A9371F26186A0074403C /* Build configuration list for PBXNativeTarget "protocol" */;
			buildPhases = (
				F1E0A92F1F26186A0074403C /* Sources */,
				F1E0A9301F26186A0074403C /* Frameworks */,
				F1E0A9311F26186A0074403C /* CopyFiles */,
			);
			buildRules = (
			);
			dependencies = (
			);
			name = protocol;
			productName = protocol;
			productReference = F1E0A9331F26186A0074403C /* protocol */;
			productType = "com.apple.product-type.tool";
		};
/* End PBXNativeTarget section */

/* Begin PBXProject section */
		F12D41CF1F23473C00D173B9 /* Project object */ = {
			isa = PBXProject;
			attributes = {
				LastUpgradeCheck = 0830;
				ORGANIZATIONNAME = Necfol;
				TargetAttributes = {
					F12D41D61F23473C00D173B9 = {
						CreatedOnToolsVersion = 8.3.3;
						ProvisioningStyle = Automatic;
					};
					F1E0A9321F26186A0074403C = {
						CreatedOnToolsVersion = 8.3.3;
						ProvisioningStyle = Automatic;
					};
				};
			};
			buildConfigurationList = F12D41D21F23473C00D173B9 /* Build configuration list for PBXProject "OCLearn" */;
			compatibilityVersion = "Xcode 3.2";
			developmentRegion = English;
			hasScannedForEncodings = 0;
			knownRegions = (
				en,
			);
			mainGroup = F12D41CE1F23473C00D173B9;
			productRefGroup = F12D41D81F23473C00D173B9 /* Products */;
			projectDirPath = "";
			projectRoot = "";
			targets = (
				F12D41D61F23473C00D173B9 /* OCLearn */,
				F1E0A9321F26186A0074403C /* protocol */,
			);
		};
/* End PBXProject section */

/* Begin PBXSourcesBuildPhase section */
		F12D41D31F23473C00D173B9 /* Sources */ = {
			isa = PBXSourcesBuildPhase;
			buildActionMask = 2147483647;
			files = (
				F12D41DB1F23473C00D173B9 /* main.m in Sources */,
				F1E0A9281F258DDF0074403C /* Book.m in Sources */,
				F1E0A92E1F25EC1C0074403C /* Button.m in Sources */,
				F12D41E41F2349DB00D173B9 /* Student.m in Sources */,
				F1E0A92B1F25C6A20074403C /* Student+Test.m in Sources */,
			);
			runOnlyForDeploymentPostprocessing = 0;
		};
		F1E0A92F1F26186A0074403C /* Sources */ = {
			isa = PBXSourcesBuildPhase;
			buildActionMask = 2147483647;
			files = (
				F1E0A9361F26186A0074403C /* main.m in Sources */,
				F1E0A93C1F2618900074403C /* Student.m in Sources */,
				F1E0A9411F26236B0074403C /* ButtonListener.m in Sources */,
			);
			runOnlyForDeploymentPostprocessing = 0;
		};
/* End PBXSourcesBuildPhase section */

/* Begin XCBuildConfiguration section */
		F12D41DC1F23473C00D173B9 /* Debug */ = {
			isa = XCBuildConfiguration;
			buildSettings = {
				ALWAYS_SEARCH_USER_PATHS = NO;
				CLANG_ANALYZER_NONNULL = YES;
				CLANG_ANALYZER_NUMBER_OBJECT_CONVERSION = YES_AGGRESSIVE;
				CLANG_CXX_LANGUAGE_STANDARD = "gnu++0x";
				CLANG_CXX_LIBRARY = "libc++";
				CLANG_ENABLE_MODULES = YES;
				CLANG_ENABLE_OBJC_ARC = YES;
				CLANG_WARN_BOOL_CONVERSION = YES;
				CLANG_WARN_CONSTANT_CONVERSION = YES;
				CLANG_WARN_DIRECT_OBJC_ISA_USAGE = YES_ERROR;
				CLANG_WARN_DOCUMENTATION_COMMENTS = YES;
				CLANG_WARN_EMPTY_BODY = YES;
				CLANG_WARN_ENUM_CONVERSION = YES;
				CLANG_WARN_INFINITE_RECURSION = YES;
				CLANG_WARN_INT_CONVERSION = YES;
				CLANG_WARN_OBJC_ROOT_CLASS = YES_ERROR;
				CLANG_WARN_SUSPICIOUS_MOVE = YES;
				CLANG_WARN_UNREACHABLE_CODE = YES;
				CLANG_WARN__DUPLICATE_METHOD_MATCH = YES;
				CODE_SIGN_IDENTITY = "-";
				COPY_PHASE_STRIP = NO;
				DEBUG_INFORMATION_FORMAT = dwarf;
				ENABLE_STRICT_OBJC_MSGSEND = YES;
				ENABLE_TESTABILITY = YES;
				GCC_C_LANGUAGE_STANDARD = gnu99;
				GCC_DYNAMIC_NO_PIC = NO;
				GCC_NO_COMMON_BLOCKS = YES;
				GCC_OPTIMIZATION_LEVEL = 0;
				GCC_PREPROCESSOR_DEFINITIONS = (
					"DEBUG=1",
					"$(inherited)",
				);
				GCC_WARN_64_TO_32_BIT_CONVERSION = YES;
				GCC_WARN_ABOUT_RETURN_TYPE = YES_ERROR;
				GCC_WARN_UNDECLARED_SELECTOR = YES;
				GCC_WARN_UNINITIALIZED_AUTOS = YES_AGGRESSIVE;
				GCC_WARN_UNUSED_FUNCTION = YES;
				GCC_WARN_UNUSED_VARIABLE = YES;
				MACOSX_DEPLOYMENT_TARGET = 10.12;
				MTL_ENABLE_DEBUG_INFO = YES;
				ONLY_ACTIVE_ARCH = YES;
				SDKROOT = macosx;
			};
			name = Debug;
		};
		F12D41DD1F23473C00D173B9 /* Release */ = {
			isa = XCBuildConfiguration;
			buildSettings = {
				ALWAYS_SEARCH_USER_PATHS = NO;
				CLANG_ANALYZER_NONNULL = YES;
				CLANG_ANALYZER_NUMBER_OBJECT_CONVERSION = YES_AGGRESSIVE;
				CLANG_CXX_LANGUAGE_STANDARD = "gnu++0x";
				CLANG_CXX_LIBRARY = "libc++";
				CLANG_ENABLE_MODULES = YES;
				CLANG_ENABLE_OBJC_ARC = YES;
				CLANG_WARN_BOOL_CONVERSION = YES;
				CLANG_WARN_CONSTANT_CONVERSION = YES;
				CLANG_WARN_DIRECT_OBJC_ISA_USAGE = YES_ERROR;
				CLANG_WARN_DOCUMENTATION_COMMENTS = YES;
				CLANG_WARN_EMPTY_BODY = YES;
				CLANG_WARN_ENUM_CONVERSION = YES;
				CLANG_WARN_INFINITE_RECURSION = YES;
				CLANG_WARN_INT_CONVERSION = YES;
				CLANG_WARN_OBJC_ROOT_CLASS = YES_ERROR;
				CLANG_WARN_SUSPICIOUS_MOVE = YES;
				CLANG_WARN_UNREACHABLE_CODE = YES;
				CLANG_WARN__DUPLICATE_METHOD_MATCH = YES;
				CODE_SIGN_IDENTITY = "-";
				COPY_PHASE_STRIP = NO;
				DEBUG_INFORMATION_FORMAT = "dwarf-with-dsym";
				ENABLE_NS_ASSERTIONS = NO;
				ENABLE_STRICT_OBJC_MSGSEND = YES;
				GCC_C_LANGUAGE_STANDARD = gnu99;
				GCC_NO_COMMON_BLOCKS = YES;
				GCC_WARN_64_TO_32_BIT_CONVERSION = YES;
				GCC_WARN_ABOUT_RETURN_TYPE = YES_ERROR;
				GCC_WARN_UNDECLARED_SELECTOR = YES;
				GCC_WARN_UNINITIALIZED_AUTOS = YES_AGGRESSIVE;
				GCC_WARN_UNUSED_FUNCTION = YES;
				GCC_WARN_UNUSED_VARIABLE = YES;
				MACOSX_DEPLOYMENT_TARGET = 10.12;
				MTL_ENABLE_DEBUG_INFO = NO;
				SDKROOT = macosx;
			};
			name = Release;
		};
		F12D41DF1F23473C00D173B9 /* Debug */ = {
			isa = XCBuildConfiguration;
			buildSettings = {
				CLANG_ENABLE_OBJC_ARC = NO;
				PRODUCT_NAME = "$(TARGET_NAME)";
			};
			name = Debug;
		};
		F12D41E01F23473C00D173B9 /* Release */ = {
			isa = XCBuildConfiguration;
			buildSettings = {
				CLANG_ENABLE_OBJC_ARC = NO;
				PRODUCT_NAME = "$(TARGET_NAME)";
			};
			name = Release;
		};
		F1E0A9381F26186A0074403C /* Debug */ = {
			isa = XCBuildConfiguration;
			buildSettings = {
				CLANG_ENABLE_OBJC_ARC = NO;
				PRODUCT_NAME = "$(TARGET_NAME)";
			};
			name = Debug;
		};
		F1E0A9391F26186A0074403C /* Release */ = {
			isa = XCBuildConfiguration;
			buildSettings = {
				CLANG_ENABLE_OBJC_ARC = NO;
				PRODUCT_NAME = "$(TARGET_NAME)";
			};
			name = Release;
		};
/* End XCBuildConfiguration section */

/* Begin XCConfigurationList section */
		F12D41D21F23473C00D173B9 /* Build configuration list for PBXProject "OCLearn" */ = {
			isa = XCConfigurationList;
			buildConfigurations = (
				F12D41DC1F23473C00D173B9 /* Debug */,
				F12D41DD1F23473C00D173B9 /* Release */,
			);
			defaultConfigurationIsVisible = 0;
			defaultConfigurationName = Release;
		};
		F12D41DE1F23473C00D173B9 /* Build configuration list for PBXNativeTarget "OCLearn" */ = {
			isa = XCConfigurationList;
			buildConfigurations = (
				F12D41DF1F23473C00D173B9 /* Debug */,
				F12D41E01F23473C00D173B9 /* Release */,
			);
			defaultConfigurationIsVisible = 0;
			defaultConfigurationName = Release;
		};
		F1E0A9371F26186A0074403C /* Build configuration list for PBXNativeTarget "protocol" */ = {
			isa = XCConfigurationList;
			buildConfigurations = (
				F1E0A9381F26186A0074403C /* Debug */,
				F1E0A9391F26186A0074403C /* Release */,
			);
			defaultConfigurationIsVisible = 0;
		};
/* End XCConfigurationList section */
	};
	rootObject = F12D41CF1F23473C00D173B9 /* Project object */;
}
